
Microsoft Visual Studio Solution File, Format Version 12.00
# Visual Studio Version 16
VisualStudioVersion = 16.0.30523.141
MinimumVisualStudioVersion = 10.0.40219.1
Project("{FAE04EC0-301F-11D3-BF4B-00C04F79EFBC}") = "DataBaseManager", "DataBaseManager\DataBaseManager.csproj", "{4C6184D9-D4AE-42EE-8270-3401ADB22FE0}"
EndProject
Project("{FAE04EC0-301F-11D3-BF4B-00C04F79EFBC}") = "Model", "Model\Model.csproj", "{144C6554-CF3B-49AF-9A8C-926A99E633BE}"
EndProject
Project("{FAE04EC0-301F-11D3-BF4B-00C04F79EFBC}") = "Utils", "Utils\Utils.csproj", "{85E3D89D-603E-4992-B266-E2CD3C8B4209}"
EndProject
Project("{FAE04EC0-301F-11D3-BF4B-00C04F79EFBC}") = "ScanAllAndMatch", "ScanAllAndMatch\ScanAllAndMatch.csproj", "{6C4F002E-10BA-4E3F-850D-677455A0DB7E}"
EndProject
Project("{FAE04EC0-301F-11D3-BF4B-00C04F79EFBC}") = "GenerateReport", "GenerateReport\GenerateReport.csproj", "{59D4210F-FC29-441A-9549-EE95D470FC04}"
EndProject
Project("{FAE04EC0-301F-11D3-BF4B-00C04F79EFBC}") = "AVWeb", "AVWeb\AVWeb.csproj", "{0CCBB97E-982C-40D2-A293-665555E800B9}"
EndProject
Project("{FAE04EC0-301F-11D3-BF4B-00C04F79EFBC}") = "WebService", "WebService\WebService.csproj", "{38EE6063-533B-4882-B67A-F2F919E13905}"
EndProject
Project("{FAE04EC0-301F-11D3-BF4B-00C04F79EFBC}") = "AvVideoHelper", "CombineEpisode\AvVideoHelper.csproj", "{9EAB955D-35E8-418A-829E-087E9AC373DD}"
EndProject
Project("{FAE04EC0-301F-11D3-BF4B-00C04F79EFBC}") = "BatchJavScaner", "BatchJavScanerAndMacthMagUrl\BatchJavScaner.csproj", "{42BB157A-51A5-4C20-A640-8A4091BCA82C}"
EndProject
Project("{FAE04EC0-301F-11D3-BF4B-00C04F79EFBC}") = "Service", "Service\Service.csproj", "{53BD1489-F098-4796-9EC6-8D8C1A623FC7}"
EndProject
Project("{FAE04EC0-301F-11D3-BF4B-00C04F79EFBC}") = "MangaDownloaderGUI", "MangaDownloaderGUI\MangaDownloaderGUI.csproj", "{78AF9905-7414-4CB3-8FF9-A2668B4E2B50}"
EndProject
Project("{FAE04EC0-301F-11D3-BF4B-00C04F79EFBC}") = "AvReName", "AvReName\AvReName.csproj", "{D06B46D2-CF18-4766-B23A-2A92D26C76B6}"
EndProject
Project("{FAE04EC0-301F-11D3-BF4B-00C04F79EFBC}") = "ScanJavMagUrl", "ScanJavMagUrl\ScanJavMagUrl.csproj", "{76E29BD5-4F92-4121-89F7-AFEBEB281393}"
EndProject
Project("{FAE04EC0-301F-11D3-BF4B-00C04F79EFBC}") = "RefreshOneOneFiveCookie", "RefreshOneOneFiveCookie\RefreshOneOneFiveCookie.csproj", "{A13A86DA-24EC-404E-A108-8BB204BCE7A9}"
EndProject
Project("{FAE04EC0-301F-11D3-BF4B-00C04F79EFBC}") = "UnitTest", "NewUnitTest\UnitTest.csproj", "{263B9B45-420E-4200-A44D-0E63E2D1CE20}"
EndProject
Project("{FAE04EC0-301F-11D3-BF4B-00C04F79EFBC}") = "CopyFiles", "CopyFiles\CopyFiles.csproj", "{6A7C9260-08C0-4AAA-97B4-AA8B0479EE3F}"
EndProject
Project("{FAE04EC0-301F-11D3-BF4B-00C04F79EFBC}") = "WebsocketCommandHub", "WebsocketCommandHub\WebsocketCommandHub.csproj", "{B6ED955D-DC49-4902-811D-EA04C4EBD003}"
EndProject
Project("{FAE04EC0-301F-11D3-BF4B-00C04F79EFBC}") = "Scan115AndMatch", "Scan115AndMatch\Scan115AndMatch.csproj", "{E401438D-2655-4A19-822D-25B8AE0B53F0}"
EndProject
Global
	GlobalSection(SolutionConfigurationPlatforms) = preSolution
		Debug|Any CPU = Debug|Any CPU
		Release|Any CPU = Release|Any CPU
	EndGlobalSection
	GlobalSection(ProjectConfigurationPlatforms) = postSolution
		{4C6184D9-D4AE-42EE-8270-3401ADB22FE0}.Debug|Any CPU.ActiveCfg = Debug|Any CPU
		{4C6184D9-D4AE-42EE-8270-3401ADB22FE0}.Debug|Any CPU.Build.0 = Debug|Any CPU
		{4C6184D9-D4AE-42EE-8270-3401ADB22FE0}.Release|Any CPU.ActiveCfg = Debug|Any CPU
		{4C6184D9-D4AE-42EE-8270-3401ADB22FE0}.Release|Any CPU.Build.0 = Debug|Any CPU
		{144C6554-CF3B-49AF-9A8C-926A99E633BE}.Debug|Any CPU.ActiveCfg = Debug|Any CPU
		{144C6554-CF3B-49AF-9A8C-926A99E633BE}.Debug|Any CPU.Build.0 = Debug|Any CPU
		{144C6554-CF3B-49AF-9A8C-926A99E633BE}.Release|Any CPU.ActiveCfg = Debug|Any CPU
		{144C6554-CF3B-49AF-9A8C-926A99E633BE}.Release|Any CPU.Build.0 = Debug|Any CPU
		{85E3D89D-603E-4992-B266-E2CD3C8B4209}.Debug|Any CPU.ActiveCfg = Debug|Any CPU
		{85E3D89D-603E-4992-B266-E2CD3C8B4209}.Debug|Any CPU.Build.0 = Debug|Any CPU
		{85E3D89D-603E-4992-B266-E2CD3C8B4209}.Release|Any CPU.ActiveCfg = Debug|Any CPU
		{85E3D89D-603E-4992-B266-E2CD3C8B4209}.Release|Any CPU.Build.0 = Debug|Any CPU
		{6C4F002E-10BA-4E3F-850D-677455A0DB7E}.Debug|Any CPU.ActiveCfg = Debug|Any CPU
		{6C4F002E-10BA-4E3F-850D-677455A0DB7E}.Debug|Any CPU.Build.0 = Debug|Any CPU
		{6C4F002E-10BA-4E3F-850D-677455A0DB7E}.Release|Any CPU.ActiveCfg = Debug|Any CPU
		{6C4F002E-10BA-4E3F-850D-677455A0DB7E}.Release|Any CPU.Build.0 = Debug|Any CPU
		{59D4210F-FC29-441A-9549-EE95D470FC04}.Debug|Any CPU.ActiveCfg = Debug|Any CPU
		{59D4210F-FC29-441A-9549-EE95D470FC04}.Debug|Any CPU.Build.0 = Debug|Any CPU
		{59D4210F-FC29-441A-9549-EE95D470FC04}.Release|Any CPU.ActiveCfg = Release|Any CPU
		{59D4210F-FC29-441A-9549-EE95D470FC04}.Release|Any CPU.Build.0 = Release|Any CPU
		{0CCBB97E-982C-40D2-A293-665555E800B9}.Debug|Any CPU.ActiveCfg = Debug|Any CPU
		{0CCBB97E-982C-40D2-A293-665555E800B9}.Debug|Any CPU.Build.0 = Debug|Any CPU
		{0CCBB97E-982C-40D2-A293-665555E800B9}.Release|Any CPU.ActiveCfg = Release|Any CPU
		{0CCBB97E-982C-40D2-A293-665555E800B9}.Release|Any CPU.Build.0 = Release|Any CPU
		{38EE6063-533B-4882-B67A-F2F919E13905}.Debug|Any CPU.ActiveCfg = Debug|Any CPU
		{38EE6063-533B-4882-B67A-F2F919E13905}.Debug|Any CPU.Build.0 = Debug|Any CPU
		{38EE6063-533B-4882-B67A-F2F919E13905}.Release|Any CPU.ActiveCfg = Release|Any CPU
		{38EE6063-533B-4882-B67A-F2F919E13905}.Release|Any CPU.Build.0 = Release|Any CPU
		{9EAB955D-35E8-418A-829E-087E9AC373DD}.Debug|Any CPU.ActiveCfg = Debug|Any CPU
		{9EAB955D-35E8-418A-829E-087E9AC373DD}.Debug|Any CPU.Build.0 = Debug|Any CPU
		{9EAB955D-35E8-418A-829E-087E9AC373DD}.Release|Any CPU.ActiveCfg = Release|Any CPU
		{9EAB955D-35E8-418A-829E-087E9AC373DD}.Release|Any CPU.Build.0 = Release|Any CPU
		{42BB157A-51A5-4C20-A640-8A4091BCA82C}.Debug|Any CPU.ActiveCfg = Debug|Any CPU
		{42BB157A-51A5-4C20-A640-8A4091BCA82C}.Debug|Any CPU.Build.0 = Debug|Any CPU
		{42BB157A-51A5-4C20-A640-8A4091BCA82C}.Release|Any CPU.ActiveCfg = Release|Any CPU
		{42BB157A-51A5-4C20-A640-8A4091BCA82C}.Release|Any CPU.Build.0 = Release|Any CPU
		{53BD1489-F098-4796-9EC6-8D8C1A623FC7}.Debug|Any CPU.ActiveCfg = Debug|Any CPU
		{53BD1489-F098-4796-9EC6-8D8C1A623FC7}.Debug|Any CPU.Build.0 = Debug|Any CPU
		{53BD1489-F098-4796-9EC6-8D8C1A623FC7}.Release|Any CPU.ActiveCfg = Release|Any CPU
		{53BD1489-F098-4796-9EC6-8D8C1A623FC7}.Release|Any CPU.Build.0 = Release|Any CPU
		{78AF9905-7414-4CB3-8FF9-A2668B4E2B50}.Debug|Any CPU.ActiveCfg = Debug|Any CPU
		{78AF9905-7414-4CB3-8FF9-A2668B4E2B50}.Debug|Any CPU.Build.0 = Debug|Any CPU
		{78AF9905-7414-4CB3-8FF9-A2668B4E2B50}.Release|Any CPU.ActiveCfg = Release|Any CPU
		{78AF9905-7414-4CB3-8FF9-A2668B4E2B50}.Release|Any CPU.Build.0 = Release|Any CPU
		{D06B46D2-CF18-4766-B23A-2A92D26C76B6}.Debug|Any CPU.ActiveCfg = Debug|Any CPU
		{D06B46D2-CF18-4766-B23A-2A92D26C76B6}.Debug|Any CPU.Build.0 = Debug|Any CPU
		{D06B46D2-CF18-4766-B23A-2A92D26C76B6}.Release|Any CPU.ActiveCfg = Release|Any CPU
		{D06B46D2-CF18-4766-B23A-2A92D26C76B6}.Release|Any CPU.Build.0 = Release|Any CPU
		{76E29BD5-4F92-4121-89F7-AFEBEB281393}.Debug|Any CPU.ActiveCfg = Debug|Any CPU
		{76E29BD5-4F92-4121-89F7-AFEBEB281393}.Debug|Any CPU.Build.0 = Debug|Any CPU
		{76E29BD5-4F92-4121-89F7-AFEBEB281393}.Release|Any CPU.ActiveCfg = Release|Any CPU
		{76E29BD5-4F92-4121-89F7-AFEBEB281393}.Release|Any CPU.Build.0 = Release|Any CPU
		{A13A86DA-24EC-404E-A108-8BB204BCE7A9}.Debug|Any CPU.ActiveCfg = Debug|Any CPU
		{A13A86DA-24EC-404E-A108-8BB204BCE7A9}.Debug|Any CPU.Build.0 = Debug|Any CPU
		{A13A86DA-24EC-404E-A108-8BB204BCE7A9}.Release|Any CPU.ActiveCfg = Release|Any CPU
		{A13A86DA-24EC-404E-A108-8BB204BCE7A9}.Release|Any CPU.Build.0 = Release|Any CPU
		{263B9B45-420E-4200-A44D-0E63E2D1CE20}.Debug|Any CPU.ActiveCfg = Debug|Any CPU
		{263B9B45-420E-4200-A44D-0E63E2D1CE20}.Debug|Any CPU.Build.0 = Debug|Any CPU
		{263B9B45-420E-4200-A44D-0E63E2D1CE20}.Release|Any CPU.ActiveCfg = Release|Any CPU
		{263B9B45-420E-4200-A44D-0E63E2D1CE20}.Release|Any CPU.Build.0 = Release|Any CPU
		{6A7C9260-08C0-4AAA-97B4-AA8B0479EE3F}.Debug|Any CPU.ActiveCfg = Debug|Any CPU
		{6A7C9260-08C0-4AAA-97B4-AA8B0479EE3F}.Debug|Any CPU.Build.0 = Debug|Any CPU
		{6A7C9260-08C0-4AAA-97B4-AA8B0479EE3F}.Release|Any CPU.ActiveCfg = Release|Any CPU
		{6A7C9260-08C0-4AAA-97B4-AA8B0479EE3F}.Release|Any CPU.Build.0 = Release|Any CPU
		{B6ED955D-DC49-4902-811D-EA04C4EBD003}.Debug|Any CPU.ActiveCfg = Debug|Any CPU
		{B6ED955D-DC49-4902-811D-EA04C4EBD003}.Debug|Any CPU.Build.0 = Debug|Any CPU
		{B6ED955D-DC49-4902-811D-EA04C4EBD003}.Release|Any CPU.ActiveCfg = Release|Any CPU
		{B6ED955D-DC49-4902-811D-EA04C4EBD003}.Release|Any CPU.Build.0 = Release|Any CPU
		{E401438D-2655-4A19-822D-25B8AE0B53F0}.Debug|Any CPU.ActiveCfg = Debug|Any CPU
		{E401438D-2655-4A19-822D-25B8AE0B53F0}.Debug|Any CPU.Build.0 = Debug|Any CPU
		{E401438D-2655-4A19-822D-25B8AE0B53F0}.Release|Any CPU.ActiveCfg = Release|Any CPU
		{E401438D-2655-4A19-822D-25B8AE0B53F0}.Release|Any CPU.Build.0 = Release|Any CPU
	EndGlobalSection
	GlobalSection(SolutionProperties) = preSolution
		HideSolutionNode = FALSE
	EndGlobalSection
	GlobalSection(ExtensibilityGlobals) = postSolution
		SolutionGuid = {C3209A18-E48F-4413-9F57-DFA9380E8D97}
	EndGlobalSection
EndGlobal
